
Microsoft Visual Studio Solution File, Format Version 12.00
# Visual Studio 15
VisualStudioVersion = 15.0.27703.2000
MinimumVisualStudioVersion = 10.0.40219.1
Project("{FAE04EC0-301F-11D3-BF4B-00C04F79EFBC}") = "Main", "Excersices\Main.csproj", "{2433DC79-7060-466B-91B0-54316AAD340A}"
EndProject
Project("{FAE04EC0-301F-11D3-BF4B-00C04F79EFBC}") = "ClassLibrary", "ClassLibrary\ClassLibrary.csproj", "{E161B805-EF79-4962-9D67-08D6E9DC794B}"
EndProject
Project("{FAE04EC0-301F-11D3-BF4B-00C04F79EFBC}") = "ClassLibrary.NUnitTests", "ClassLibrary.NUnitTests\ClassLibrary.NUnitTests.csproj", "{4C022963-0772-4FF5-BE6B-ABE58D8100A0}"
EndProject
Project("{2150E333-8FDC-42A3-9474-1A3956D46DE8}") = "Solution Items", "Solution Items", "{C177ECB2-A871-42E5-89D8-7A8E8A760F66}"
	ProjectSection(SolutionItems) = preProject
		README.md = README.md
	EndProjectSection
EndProject
Global
	GlobalSection(SolutionConfigurationPlatforms) = preSolution
		Debug|Any CPU = Debug|Any CPU
		Release|Any CPU = Release|Any CPU
	EndGlobalSection
	GlobalSection(ProjectConfigurationPlatforms) = postSolution
		{2433DC79-7060-466B-91B0-54316AAD340A}.Debug|Any CPU.ActiveCfg = Debug|Any CPU
		{2433DC79-7060-466B-91B0-54316AAD340A}.Debug|Any CPU.Build.0 = Debug|Any CPU
		{2433DC79-7060-466B-91B0-54316AAD340A}.Release|Any CPU.ActiveCfg = Release|Any CPU
		{2433DC79-7060-466B-91B0-54316AAD340A}.Release|Any CPU.Build.0 = Release|Any CPU
		{E161B805-EF79-4962-9D67-08D6E9DC794B}.Debug|Any CPU.ActiveCfg = Debug|Any CPU
		{E161B805-EF79-4962-9D67-08D6E9DC794B}.Debug|Any CPU.Build.0 = Debug|Any CPU
		{E161B805-EF79-4962-9D67-08D6E9DC794B}.Release|Any CPU.ActiveCfg = Release|Any CPU
		{E161B805-EF79-4962-9D67-08D6E9DC794B}.Release|Any CPU.Build.0 = Release|Any CPU
		{4C022963-0772-4FF5-BE6B-ABE58D8100A0}.Debug|Any CPU.ActiveCfg = Debug|Any CPU
		{4C022963-0772-4FF5-BE6B-ABE58D8100A0}.Debug|Any CPU.Build.0 = Debug|Any CPU
		{4C022963-0772-4FF5-BE6B-ABE58D8100A0}.Release|Any CPU.ActiveCfg = Release|Any CPU
		{4C022963-0772-4FF5-BE6B-ABE58D8100A0}.Release|Any CPU.Build.0 = Release|Any CPU
	EndGlobalSection
	GlobalSection(SolutionProperties) = preSolution
		HideSolutionNode = FALSE
	EndGlobalSection
	GlobalSection(ExtensibilityGlobals) = postSolution
		SolutionGuid = {4D43D2DD-0FB9-4044-B581-10B37664228D}
	EndGlobalSection
EndGlobal
